
Microsoft Visual Studio Solution File, Format Version 12.00
# Visual Studio 15
VisualStudioVersion = 15.0.28010.2003
MinimumVisualStudioVersion = 10.0.40219.1
Project("{FAE04EC0-301F-11D3-BF4B-00C04F79EFBC}") = "Practice_21_12", "Practice_21_12.csproj", "{B52CA37B-2C90-4EC7-A759-9DF4F16D69D2}"
EndProject
Global
	GlobalSection(SolutionConfigurationPlatforms) = preSolution
		Debug|Any CPU = Debug|Any CPU
		Release|Any CPU = Release|Any CPU
	EndGlobalSection
	GlobalSection(ProjectConfigurationPlatforms) = postSolution
		{B52CA37B-2C90-4EC7-A759-9DF4F16D69D2}.Debug|Any CPU.ActiveCfg = Debug|Any CPU
		{B52CA37B-2C90-4EC7-A759-9DF4F16D69D2}.Debug|Any CPU.Build.0 = Debug|Any CPU
		{B52CA37B-2C90-4EC7-A759-9DF4F16D69D2}.Release|Any CPU.ActiveCfg = Release|Any CPU
		{B52CA37B-2C90-4EC7-A759-9DF4F16D69D2}.Release|Any CPU.Build.0 = Release|Any CPU
	EndGlobalSection
	GlobalSection(SolutionProperties) = preSolution
		HideSolutionNode = FALSE
	EndGlobalSection
	GlobalSection(ExtensibilityGlobals) = postSolution
		SolutionGuid = {BE1B1361-DB32-48B4-B25D-991F6947DBE8}
	EndGlobalSection
EndGlobal
